
Microsoft Visual Studio Solution File, Format Version 12.00
# Visual Studio Version 17
VisualStudioVersion = 17.8.34525.116
MinimumVisualStudioVersion = 10.0.40219.1
Project("{9A19103F-16F7-4668-BE54-9A1E7A4F7556}") = "OOP_Create_Project", "OOP_Create_Project\OOP_Create_Project.csproj", "{FC46B3FC-E6B4-4BDA-898B-3DC65CDF0FA2}"
EndProject
Project("{9A19103F-16F7-4668-BE54-9A1E7A4F7556}") = "OOP_Add_Class", "OOP_Add_Class\OOP_Add_Class.csproj", "{E2AB8510-9C66-45D3-B653-C2E480CC0583}"
EndProject
Project("{9A19103F-16F7-4668-BE54-9A1E7A4F7556}") = "OOP_Inheritance", "OOP_Inheritance\OOP_Inheritance.csproj", "{92F7C741-3837-4F8D-88A8-AE41AAEF4BFD}"
EndProject
Project("{9A19103F-16F7-4668-BE54-9A1E7A4F7556}") = "OOP_Abstract_Class_Methods", "OOP_Abstract_Class_Methods\OOP_Abstract_Class_Methods.csproj", "{2A85BA6D-69A5-45D3-9FD1-061681418281}"
EndProject
Project("{9A19103F-16F7-4668-BE54-9A1E7A4F7556}") = "OOP_Interface", "OOP_Interface\OOP_Interface.csproj", "{DD92019D-3EC7-4A67-8A5D-D135FBAD4C77}"
EndProject
Project("{FAE04EC0-301F-11D3-BF4B-00C04F79EFBC}") = "OOP_Interface_IFormattable", "OOP_Interface_IFormattable\OOP_Interface_IFormattable.csproj", "{BA720824-5FB3-4D13-93E3-09893C2C39A2}"
EndProject
Global
	GlobalSection(SolutionConfigurationPlatforms) = preSolution
		Debug|Any CPU = Debug|Any CPU
		Release|Any CPU = Release|Any CPU
	EndGlobalSection
	GlobalSection(ProjectConfigurationPlatforms) = postSolution
		{FC46B3FC-E6B4-4BDA-898B-3DC65CDF0FA2}.Debug|Any CPU.ActiveCfg = Debug|Any CPU
		{FC46B3FC-E6B4-4BDA-898B-3DC65CDF0FA2}.Debug|Any CPU.Build.0 = Debug|Any CPU
		{FC46B3FC-E6B4-4BDA-898B-3DC65CDF0FA2}.Release|Any CPU.ActiveCfg = Release|Any CPU
		{FC46B3FC-E6B4-4BDA-898B-3DC65CDF0FA2}.Release|Any CPU.Build.0 = Release|Any CPU
		{E2AB8510-9C66-45D3-B653-C2E480CC0583}.Debug|Any CPU.ActiveCfg = Debug|Any CPU
		{E2AB8510-9C66-45D3-B653-C2E480CC0583}.Debug|Any CPU.Build.0 = Debug|Any CPU
		{E2AB8510-9C66-45D3-B653-C2E480CC0583}.Release|Any CPU.ActiveCfg = Release|Any CPU
		{E2AB8510-9C66-45D3-B653-C2E480CC0583}.Release|Any CPU.Build.0 = Release|Any CPU
		{92F7C741-3837-4F8D-88A8-AE41AAEF4BFD}.Debug|Any CPU.ActiveCfg = Debug|Any CPU
		{92F7C741-3837-4F8D-88A8-AE41AAEF4BFD}.Debug|Any CPU.Build.0 = Debug|Any CPU
		{92F7C741-3837-4F8D-88A8-AE41AAEF4BFD}.Release|Any CPU.ActiveCfg = Release|Any CPU
		{92F7C741-3837-4F8D-88A8-AE41AAEF4BFD}.Release|Any CPU.Build.0 = Release|Any CPU
		{2A85BA6D-69A5-45D3-9FD1-061681418281}.Debug|Any CPU.ActiveCfg = Debug|Any CPU
		{2A85BA6D-69A5-45D3-9FD1-061681418281}.Debug|Any CPU.Build.0 = Debug|Any CPU
		{2A85BA6D-69A5-45D3-9FD1-061681418281}.Release|Any CPU.ActiveCfg = Release|Any CPU
		{2A85BA6D-69A5-45D3-9FD1-061681418281}.Release|Any CPU.Build.0 = Release|Any CPU
		{DD92019D-3EC7-4A67-8A5D-D135FBAD4C77}.Debug|Any CPU.ActiveCfg = Debug|Any CPU
		{DD92019D-3EC7-4A67-8A5D-D135FBAD4C77}.Debug|Any CPU.Build.0 = Debug|Any CPU
		{DD92019D-3EC7-4A67-8A5D-D135FBAD4C77}.Release|Any CPU.ActiveCfg = Release|Any CPU
		{DD92019D-3EC7-4A67-8A5D-D135FBAD4C77}.Release|Any CPU.Build.0 = Release|Any CPU
		{BA720824-5FB3-4D13-93E3-09893C2C39A2}.Debug|Any CPU.ActiveCfg = Debug|Any CPU
		{BA720824-5FB3-4D13-93E3-09893C2C39A2}.Debug|Any CPU.Build.0 = Debug|Any CPU
		{BA720824-5FB3-4D13-93E3-09893C2C39A2}.Release|Any CPU.ActiveCfg = Release|Any CPU
		{BA720824-5FB3-4D13-93E3-09893C2C39A2}.Release|Any CPU.Build.0 = Release|Any CPU
	EndGlobalSection
	GlobalSection(SolutionProperties) = preSolution
		HideSolutionNode = FALSE
	EndGlobalSection
	GlobalSection(ExtensibilityGlobals) = postSolution
		SolutionGuid = {03F4C997-CF9F-493A-8C0F-CB6BA41670C1}
	EndGlobalSection
EndGlobal
